
Microsoft Visual Studio Solution File, Format Version 12.00
# Visual Studio Version 16
VisualStudioVersion = 16.0.30804.86
MinimumVisualStudioVersion = 10.0.40219.1
Project("{FAE04EC0-301F-11D3-BF4B-00C04F79EFBC}") = "PocketRpgBotDsc", "PocketRpgBotDsc\PocketRpgBotDsc.csproj", "{84C9430D-0033-42BC-98CA-577A619771DC}"
EndProject
Global
	GlobalSection(SolutionConfigurationPlatforms) = preSolution
		Debug|Any CPU = Debug|Any CPU
		Release|Any CPU = Release|Any CPU
	EndGlobalSection
	GlobalSection(ProjectConfigurationPlatforms) = postSolution
		{84C9430D-0033-42BC-98CA-577A619771DC}.Debug|Any CPU.ActiveCfg = Debug|Any CPU
		{84C9430D-0033-42BC-98CA-577A619771DC}.Debug|Any CPU.Build.0 = Debug|Any CPU
		{84C9430D-0033-42BC-98CA-577A619771DC}.Release|Any CPU.ActiveCfg = Release|Any CPU
		{84C9430D-0033-42BC-98CA-577A619771DC}.Release|Any CPU.Build.0 = Release|Any CPU
	EndGlobalSection
	GlobalSection(SolutionProperties) = preSolution
		HideSolutionNode = FALSE
	EndGlobalSection
	GlobalSection(ExtensibilityGlobals) = postSolution
		SolutionGuid = {FF5EF88C-0A54-4356-B7C2-6060C3C134F9}
	EndGlobalSection
EndGlobal
